{
  "name": "wedding-planner",
  "version": "1.0.0",
  "lockfileVersion": 3,
  "requires": true,
  "packages": {
    "": {
      "name": "wedding-planner",
      "version": "1.0.0",
      "license": "ISC",
      "dependencies": {
        "wedding-planner": "file:"
      }
    },
    "node_modules/wedding-planner": {
      "resolved": "",
      "link": true
    }
  }
}
